
Microsoft Visual Studio Solution File, Format Version 12.00
# Visual Studio Version 17
VisualStudioVersion = 17.0.31903.59
MinimumVisualStudioVersion = 10.0.40219.1
Project("{FAE04EC0-301F-11D3-BF4B-00C04F79EFBC}") = "01", "01\01.csproj", "{5B1D2E4F-8C85-4B14-97F9-007112D01484}"
EndProject
Project("{FAE04EC0-301F-11D3-BF4B-00C04F79EFBC}") = "02", "02\02.csproj", "{BFDAD73A-9CC2-469A-85F3-50BBCD69EA12}"
EndProject
Project("{FAE04EC0-301F-11D3-BF4B-00C04F79EFBC}") = "03", "03\03.csproj", "{0DFB43F4-2C30-41E1-95E5-8E2D3C9C77A4}"
EndProject
Project("{FAE04EC0-301F-11D3-BF4B-00C04F79EFBC}") = "04", "04\04.csproj", "{EEDB64AC-76EB-4392-9AA0-77DCF37E7A9C}"
EndProject
Project("{FAE04EC0-301F-11D3-BF4B-00C04F79EFBC}") = "deligate", "deligate\deligate.csproj", "{78F20BD9-6E60-4489-9E1B-53DB0FAF627A}"
EndProject
Project("{FAE04EC0-301F-11D3-BF4B-00C04F79EFBC}") = "05", "05\05.csproj", "{B00B915E-9EDA-44F3-8D16-C143BF963E1A}"
EndProject
Project("{FAE04EC0-301F-11D3-BF4B-00C04F79EFBC}") = "06", "06\06.csproj", "{5947B35B-4023-48ED-BD04-DAD6DE1BBAC3}"
EndProject
Project("{FAE04EC0-301F-11D3-BF4B-00C04F79EFBC}") = "07", "07\07.csproj", "{79CF4645-56E3-4793-9F78-B26C65F192A6}"
EndProject
Project("{FAE04EC0-301F-11D3-BF4B-00C04F79EFBC}") = "08", "08\08.csproj", "{250321F1-0E4F-471C-AEF8-B84A1839B643}"
EndProject
Project("{FAE04EC0-301F-11D3-BF4B-00C04F79EFBC}") = "09", "09\09.csproj", "{AF6E3566-6765-46A1-A288-D1574A2D5208}"
EndProject
Project("{FAE04EC0-301F-11D3-BF4B-00C04F79EFBC}") = "10", "10\10.csproj", "{C0488A4D-32FD-444E-AFFE-0586DAC8CFFA}"
EndProject
Project("{FAE04EC0-301F-11D3-BF4B-00C04F79EFBC}") = "foobar", "foobar\foobar.csproj", "{5E5540EF-1A11-4E56-B017-33943B35BC74}"
EndProject
Project("{FAE04EC0-301F-11D3-BF4B-00C04F79EFBC}") = "11", "11\11.csproj", "{5337AD91-F60E-437D-89B1-C05911AA5DDA}"
EndProject
Project("{FAE04EC0-301F-11D3-BF4B-00C04F79EFBC}") = "12", "12\12.csproj", "{177E903C-F6D2-4220-AEF9-846B3B38FC55}"
EndProject
Global
	GlobalSection(SolutionConfigurationPlatforms) = preSolution
		Debug|Any CPU = Debug|Any CPU
		Release|Any CPU = Release|Any CPU
	EndGlobalSection
	GlobalSection(SolutionProperties) = preSolution
		HideSolutionNode = FALSE
	EndGlobalSection
	GlobalSection(ProjectConfigurationPlatforms) = postSolution
		{5B1D2E4F-8C85-4B14-97F9-007112D01484}.Debug|Any CPU.ActiveCfg = Debug|Any CPU
		{5B1D2E4F-8C85-4B14-97F9-007112D01484}.Debug|Any CPU.Build.0 = Debug|Any CPU
		{5B1D2E4F-8C85-4B14-97F9-007112D01484}.Release|Any CPU.ActiveCfg = Release|Any CPU
		{5B1D2E4F-8C85-4B14-97F9-007112D01484}.Release|Any CPU.Build.0 = Release|Any CPU
		{BFDAD73A-9CC2-469A-85F3-50BBCD69EA12}.Debug|Any CPU.ActiveCfg = Debug|Any CPU
		{BFDAD73A-9CC2-469A-85F3-50BBCD69EA12}.Debug|Any CPU.Build.0 = Debug|Any CPU
		{BFDAD73A-9CC2-469A-85F3-50BBCD69EA12}.Release|Any CPU.ActiveCfg = Release|Any CPU
		{BFDAD73A-9CC2-469A-85F3-50BBCD69EA12}.Release|Any CPU.Build.0 = Release|Any CPU
		{0DFB43F4-2C30-41E1-95E5-8E2D3C9C77A4}.Debug|Any CPU.ActiveCfg = Debug|Any CPU
		{0DFB43F4-2C30-41E1-95E5-8E2D3C9C77A4}.Debug|Any CPU.Build.0 = Debug|Any CPU
		{0DFB43F4-2C30-41E1-95E5-8E2D3C9C77A4}.Release|Any CPU.ActiveCfg = Release|Any CPU
		{0DFB43F4-2C30-41E1-95E5-8E2D3C9C77A4}.Release|Any CPU.Build.0 = Release|Any CPU
		{EEDB64AC-76EB-4392-9AA0-77DCF37E7A9C}.Debug|Any CPU.ActiveCfg = Debug|Any CPU
		{EEDB64AC-76EB-4392-9AA0-77DCF37E7A9C}.Debug|Any CPU.Build.0 = Debug|Any CPU
		{EEDB64AC-76EB-4392-9AA0-77DCF37E7A9C}.Release|Any CPU.ActiveCfg = Release|Any CPU
		{EEDB64AC-76EB-4392-9AA0-77DCF37E7A9C}.Release|Any CPU.Build.0 = Release|Any CPU
		{78F20BD9-6E60-4489-9E1B-53DB0FAF627A}.Debug|Any CPU.ActiveCfg = Debug|Any CPU
		{78F20BD9-6E60-4489-9E1B-53DB0FAF627A}.Debug|Any CPU.Build.0 = Debug|Any CPU
		{78F20BD9-6E60-4489-9E1B-53DB0FAF627A}.Release|Any CPU.ActiveCfg = Release|Any CPU
		{78F20BD9-6E60-4489-9E1B-53DB0FAF627A}.Release|Any CPU.Build.0 = Release|Any CPU
		{B00B915E-9EDA-44F3-8D16-C143BF963E1A}.Debug|Any CPU.ActiveCfg = Debug|Any CPU
		{B00B915E-9EDA-44F3-8D16-C143BF963E1A}.Debug|Any CPU.Build.0 = Debug|Any CPU
		{B00B915E-9EDA-44F3-8D16-C143BF963E1A}.Release|Any CPU.ActiveCfg = Release|Any CPU
		{B00B915E-9EDA-44F3-8D16-C143BF963E1A}.Release|Any CPU.Build.0 = Release|Any CPU
		{5947B35B-4023-48ED-BD04-DAD6DE1BBAC3}.Debug|Any CPU.ActiveCfg = Debug|Any CPU
		{5947B35B-4023-48ED-BD04-DAD6DE1BBAC3}.Debug|Any CPU.Build.0 = Debug|Any CPU
		{5947B35B-4023-48ED-BD04-DAD6DE1BBAC3}.Release|Any CPU.ActiveCfg = Release|Any CPU
		{5947B35B-4023-48ED-BD04-DAD6DE1BBAC3}.Release|Any CPU.Build.0 = Release|Any CPU
		{79CF4645-56E3-4793-9F78-B26C65F192A6}.Debug|Any CPU.ActiveCfg = Debug|Any CPU
		{79CF4645-56E3-4793-9F78-B26C65F192A6}.Debug|Any CPU.Build.0 = Debug|Any CPU
		{79CF4645-56E3-4793-9F78-B26C65F192A6}.Release|Any CPU.ActiveCfg = Release|Any CPU
		{79CF4645-56E3-4793-9F78-B26C65F192A6}.Release|Any CPU.Build.0 = Release|Any CPU
		{250321F1-0E4F-471C-AEF8-B84A1839B643}.Debug|Any CPU.ActiveCfg = Debug|Any CPU
		{250321F1-0E4F-471C-AEF8-B84A1839B643}.Debug|Any CPU.Build.0 = Debug|Any CPU
		{250321F1-0E4F-471C-AEF8-B84A1839B643}.Release|Any CPU.ActiveCfg = Release|Any CPU
		{250321F1-0E4F-471C-AEF8-B84A1839B643}.Release|Any CPU.Build.0 = Release|Any CPU
		{AF6E3566-6765-46A1-A288-D1574A2D5208}.Debug|Any CPU.ActiveCfg = Debug|Any CPU
		{AF6E3566-6765-46A1-A288-D1574A2D5208}.Debug|Any CPU.Build.0 = Debug|Any CPU
		{AF6E3566-6765-46A1-A288-D1574A2D5208}.Release|Any CPU.ActiveCfg = Release|Any CPU
		{AF6E3566-6765-46A1-A288-D1574A2D5208}.Release|Any CPU.Build.0 = Release|Any CPU
		{C0488A4D-32FD-444E-AFFE-0586DAC8CFFA}.Debug|Any CPU.ActiveCfg = Debug|Any CPU
		{C0488A4D-32FD-444E-AFFE-0586DAC8CFFA}.Debug|Any CPU.Build.0 = Debug|Any CPU
		{C0488A4D-32FD-444E-AFFE-0586DAC8CFFA}.Release|Any CPU.ActiveCfg = Release|Any CPU
		{C0488A4D-32FD-444E-AFFE-0586DAC8CFFA}.Release|Any CPU.Build.0 = Release|Any CPU
		{5E5540EF-1A11-4E56-B017-33943B35BC74}.Debug|Any CPU.ActiveCfg = Debug|Any CPU
		{5E5540EF-1A11-4E56-B017-33943B35BC74}.Debug|Any CPU.Build.0 = Debug|Any CPU
		{5E5540EF-1A11-4E56-B017-33943B35BC74}.Release|Any CPU.ActiveCfg = Release|Any CPU
		{5E5540EF-1A11-4E56-B017-33943B35BC74}.Release|Any CPU.Build.0 = Release|Any CPU
		{5337AD91-F60E-437D-89B1-C05911AA5DDA}.Debug|Any CPU.ActiveCfg = Debug|Any CPU
		{5337AD91-F60E-437D-89B1-C05911AA5DDA}.Debug|Any CPU.Build.0 = Debug|Any CPU
		{5337AD91-F60E-437D-89B1-C05911AA5DDA}.Release|Any CPU.ActiveCfg = Release|Any CPU
		{5337AD91-F60E-437D-89B1-C05911AA5DDA}.Release|Any CPU.Build.0 = Release|Any CPU
		{177E903C-F6D2-4220-AEF9-846B3B38FC55}.Debug|Any CPU.ActiveCfg = Debug|Any CPU
		{177E903C-F6D2-4220-AEF9-846B3B38FC55}.Debug|Any CPU.Build.0 = Debug|Any CPU
		{177E903C-F6D2-4220-AEF9-846B3B38FC55}.Release|Any CPU.ActiveCfg = Release|Any CPU
		{177E903C-F6D2-4220-AEF9-846B3B38FC55}.Release|Any CPU.Build.0 = Release|Any CPU
	EndGlobalSection
EndGlobal
