
Microsoft Visual Studio Solution File, Format Version 12.00
# Visual Studio Version 17
VisualStudioVersion = 17.0.31903.59
MinimumVisualStudioVersion = 10.0.40219.1
Project("{FAE04EC0-301F-11D3-BF4B-00C04F79EFBC}") = "01Log", "01Log\01Log.csproj", "{FBFFE440-616E-4F97-BDA3-0A0EFFD5600F}"
EndProject
Project("{FAE04EC0-301F-11D3-BF4B-00C04F79EFBC}") = "02ConsoleLogger", "02ConsoleLogger\02ConsoleLogger.csproj", "{826CB53E-93AB-496D-990A-A4A807772794}"
EndProject
Project("{FAE04EC0-301F-11D3-BF4B-00C04F79EFBC}") = "03SystemDiagnostics", "03SystemDiagnostics\03SystemDiagnostics.csproj", "{9DEA043F-BC2E-4C67-A8C4-C754443771D0}"
EndProject
Project("{FAE04EC0-301F-11D3-BF4B-00C04F79EFBC}") = "04SystemDiagnosticDebug", "04SystemDiagnosticDebug\04SystemDiagnosticDebug.csproj", "{F09F6F7E-1BC0-4E5A-958C-AC117C4D9FFE}"
EndProject
Project("{2150E333-8FDC-42A3-9474-1A3956D46DE8}") = "NLog", "NLog", "{A0BB3DDC-0D46-4A79-AE8F-33D634F26A4C}"
EndProject
Project("{2150E333-8FDC-42A3-9474-1A3956D46DE8}") = "Built In Library", "Built In Library", "{5934E85F-7C25-4F56-9D4A-6F625FD335CB}"
EndProject
Project("{FAE04EC0-301F-11D3-BF4B-00C04F79EFBC}") = "01NLog", "01NLog\01NLog.csproj", "{D627CCFF-7F23-483C-9153-A09BEF0ABC03}"
EndProject
Project("{FAE04EC0-301F-11D3-BF4B-00C04F79EFBC}") = "02ImportConfig", "02ImportConfig\02ImportConfig.csproj", "{B2F93B68-D228-41E2-A504-8FB19B133EAD}"
EndProject
Project("{FAE04EC0-301F-11D3-BF4B-00C04F79EFBC}") = "RobotArmNLog", "RobotArmNLog\RobotArmNLog.csproj", "{6C2A59E2-F4EC-487F-8803-8AE1D7FA0FF3}"
EndProject
Project("{2150E333-8FDC-42A3-9474-1A3956D46DE8}") = "Log4Net", "Log4Net", "{0355AF07-6405-4752-B313-92E5CF778A4C}"
EndProject
Project("{FAE04EC0-301F-11D3-BF4B-00C04F79EFBC}") = "01Log4Net", "01Log4Net\01Log4Net.csproj", "{60A75587-9E15-41A2-9CE2-67D7E56B1667}"
EndProject
Project("{FAE04EC0-301F-11D3-BF4B-00C04F79EFBC}") = "GameUsingNLog", "GameUsingNLog\GameUsingNLog.csproj", "{FE6A40F8-8D09-48AA-9428-40C892D72CCA}"
EndProject
Global
	GlobalSection(SolutionConfigurationPlatforms) = preSolution
		Debug|Any CPU = Debug|Any CPU
		Release|Any CPU = Release|Any CPU
	EndGlobalSection
	GlobalSection(SolutionProperties) = preSolution
		HideSolutionNode = FALSE
	EndGlobalSection
	GlobalSection(ProjectConfigurationPlatforms) = postSolution
		{FBFFE440-616E-4F97-BDA3-0A0EFFD5600F}.Debug|Any CPU.ActiveCfg = Debug|Any CPU
		{FBFFE440-616E-4F97-BDA3-0A0EFFD5600F}.Debug|Any CPU.Build.0 = Debug|Any CPU
		{FBFFE440-616E-4F97-BDA3-0A0EFFD5600F}.Release|Any CPU.ActiveCfg = Release|Any CPU
		{FBFFE440-616E-4F97-BDA3-0A0EFFD5600F}.Release|Any CPU.Build.0 = Release|Any CPU
		{826CB53E-93AB-496D-990A-A4A807772794}.Debug|Any CPU.ActiveCfg = Debug|Any CPU
		{826CB53E-93AB-496D-990A-A4A807772794}.Debug|Any CPU.Build.0 = Debug|Any CPU
		{826CB53E-93AB-496D-990A-A4A807772794}.Release|Any CPU.ActiveCfg = Release|Any CPU
		{826CB53E-93AB-496D-990A-A4A807772794}.Release|Any CPU.Build.0 = Release|Any CPU
		{9DEA043F-BC2E-4C67-A8C4-C754443771D0}.Debug|Any CPU.ActiveCfg = Debug|Any CPU
		{9DEA043F-BC2E-4C67-A8C4-C754443771D0}.Debug|Any CPU.Build.0 = Debug|Any CPU
		{9DEA043F-BC2E-4C67-A8C4-C754443771D0}.Release|Any CPU.ActiveCfg = Release|Any CPU
		{9DEA043F-BC2E-4C67-A8C4-C754443771D0}.Release|Any CPU.Build.0 = Release|Any CPU
		{F09F6F7E-1BC0-4E5A-958C-AC117C4D9FFE}.Debug|Any CPU.ActiveCfg = Debug|Any CPU
		{F09F6F7E-1BC0-4E5A-958C-AC117C4D9FFE}.Debug|Any CPU.Build.0 = Debug|Any CPU
		{F09F6F7E-1BC0-4E5A-958C-AC117C4D9FFE}.Release|Any CPU.ActiveCfg = Release|Any CPU
		{F09F6F7E-1BC0-4E5A-958C-AC117C4D9FFE}.Release|Any CPU.Build.0 = Release|Any CPU
		{D627CCFF-7F23-483C-9153-A09BEF0ABC03}.Debug|Any CPU.ActiveCfg = Debug|Any CPU
		{D627CCFF-7F23-483C-9153-A09BEF0ABC03}.Debug|Any CPU.Build.0 = Debug|Any CPU
		{D627CCFF-7F23-483C-9153-A09BEF0ABC03}.Release|Any CPU.ActiveCfg = Release|Any CPU
		{D627CCFF-7F23-483C-9153-A09BEF0ABC03}.Release|Any CPU.Build.0 = Release|Any CPU
		{B2F93B68-D228-41E2-A504-8FB19B133EAD}.Debug|Any CPU.ActiveCfg = Debug|Any CPU
		{B2F93B68-D228-41E2-A504-8FB19B133EAD}.Debug|Any CPU.Build.0 = Debug|Any CPU
		{B2F93B68-D228-41E2-A504-8FB19B133EAD}.Release|Any CPU.ActiveCfg = Release|Any CPU
		{B2F93B68-D228-41E2-A504-8FB19B133EAD}.Release|Any CPU.Build.0 = Release|Any CPU
		{6C2A59E2-F4EC-487F-8803-8AE1D7FA0FF3}.Debug|Any CPU.ActiveCfg = Debug|Any CPU
		{6C2A59E2-F4EC-487F-8803-8AE1D7FA0FF3}.Debug|Any CPU.Build.0 = Debug|Any CPU
		{6C2A59E2-F4EC-487F-8803-8AE1D7FA0FF3}.Release|Any CPU.ActiveCfg = Release|Any CPU
		{6C2A59E2-F4EC-487F-8803-8AE1D7FA0FF3}.Release|Any CPU.Build.0 = Release|Any CPU
		{60A75587-9E15-41A2-9CE2-67D7E56B1667}.Debug|Any CPU.ActiveCfg = Debug|Any CPU
		{60A75587-9E15-41A2-9CE2-67D7E56B1667}.Debug|Any CPU.Build.0 = Debug|Any CPU
		{60A75587-9E15-41A2-9CE2-67D7E56B1667}.Release|Any CPU.ActiveCfg = Release|Any CPU
		{60A75587-9E15-41A2-9CE2-67D7E56B1667}.Release|Any CPU.Build.0 = Release|Any CPU
		{FE6A40F8-8D09-48AA-9428-40C892D72CCA}.Debug|Any CPU.ActiveCfg = Debug|Any CPU
		{FE6A40F8-8D09-48AA-9428-40C892D72CCA}.Debug|Any CPU.Build.0 = Debug|Any CPU
		{FE6A40F8-8D09-48AA-9428-40C892D72CCA}.Release|Any CPU.ActiveCfg = Release|Any CPU
		{FE6A40F8-8D09-48AA-9428-40C892D72CCA}.Release|Any CPU.Build.0 = Release|Any CPU
	EndGlobalSection
	GlobalSection(NestedProjects) = preSolution
		{6C2A59E2-F4EC-487F-8803-8AE1D7FA0FF3} = {A0BB3DDC-0D46-4A79-AE8F-33D634F26A4C}
		{B2F93B68-D228-41E2-A504-8FB19B133EAD} = {A0BB3DDC-0D46-4A79-AE8F-33D634F26A4C}
		{D627CCFF-7F23-483C-9153-A09BEF0ABC03} = {A0BB3DDC-0D46-4A79-AE8F-33D634F26A4C}
		{9DEA043F-BC2E-4C67-A8C4-C754443771D0} = {5934E85F-7C25-4F56-9D4A-6F625FD335CB}
		{F09F6F7E-1BC0-4E5A-958C-AC117C4D9FFE} = {5934E85F-7C25-4F56-9D4A-6F625FD335CB}
		{FBFFE440-616E-4F97-BDA3-0A0EFFD5600F} = {5934E85F-7C25-4F56-9D4A-6F625FD335CB}
		{826CB53E-93AB-496D-990A-A4A807772794} = {5934E85F-7C25-4F56-9D4A-6F625FD335CB}
	EndGlobalSection
EndGlobal
